// !$*UTF8*$!
{
	archiveVersion = 1;
	classes = {
	};
	objectVersion = 50;
	objects = {

/* Begin PBXBuildFile section */
		EB125EBC21BD7F6B00CBBD48 /* VideoOutputView.swift in Sources */ = {isa = PBXBuildFile; fileRef = EB125EBB21BD7F6B00CBBD48 /* VideoOutputView.swift */; };
		EB3AD461219DEE4000B55169 /* cat.mlmodel in Sources */ = {isa = PBXBuildFile; fileRef = EB3AD460219DEE4000B55169 /* cat.mlmodel */; };
		EB43B06B219645F00022A8C9 /* QuackARDelegate.swift in Sources */ = {isa = PBXBuildFile; fileRef = EB43B06A219645F00022A8C9 /* QuackARDelegate.swift */; };
		EB43B06E219647260022A8C9 /* Duck.mlmodel in Sources */ = {isa = PBXBuildFile; fileRef = EB43B06D219647260022A8C9 /* Duck.mlmodel */; };
		EB5F74DF21BC7B4C00E6F9C9 /* IMG_0299.mov in Resources */ = {isa = PBXBuildFile; fileRef = EB5F74DE21BC7B4C00E6F9C9 /* IMG_0299.mov */; };
		EB5F74E021BC7B4C00E6F9C9 /* IMG_0299.mov in Resources */ = {isa = PBXBuildFile; fileRef = EB5F74DE21BC7B4C00E6F9C9 /* IMG_0299.mov */; };
		EB5F74E821BC833600E6F9C9 /* VideoCapture.swift in Sources */ = {isa = PBXBuildFile; fileRef = EB5F74E721BC833600E6F9C9 /* VideoCapture.swift */; };
		EB5F74EA21BC834400E6F9C9 /* VideoReader.swift in Sources */ = {isa = PBXBuildFile; fileRef = EB5F74E921BC834400E6F9C9 /* VideoReader.swift */; };
		EB5F74EC21BC8A5C00E6F9C9 /* VideoOutputProvider.swift in Sources */ = {isa = PBXBuildFile; fileRef = EB5F74EB21BC8A5C00E6F9C9 /* VideoOutputProvider.swift */; };
		EB8DB2B521925ACB004FF9C5 /* AppDelegate.swift in Sources */ = {isa = PBXBuildFile; fileRef = EB8DB2B421925ACB004FF9C5 /* AppDelegate.swift */; };
		EB8DB2BB21925ACB004FF9C5 /* QuackViewController.swift in Sources */ = {isa = PBXBuildFile; fileRef = EB8DB2BA21925ACB004FF9C5 /* QuackViewController.swift */; };
		EB8DB2BE21925ACB004FF9C5 /* Main.storyboard in Resources */ = {isa = PBXBuildFile; fileRef = EB8DB2BC21925ACB004FF9C5 /* Main.storyboard */; };
		EB8DB2C021925ACF004FF9C5 /* Assets.xcassets in Resources */ = {isa = PBXBuildFile; fileRef = EB8DB2BF21925ACF004FF9C5 /* Assets.xcassets */; };
		EB8DB2C321925ACF004FF9C5 /* LaunchScreen.storyboard in Resources */ = {isa = PBXBuildFile; fileRef = EB8DB2C121925ACF004FF9C5 /* LaunchScreen.storyboard */; };
		EB934CA321AF23010009B85B /* TrackedObject.swift in Sources */ = {isa = PBXBuildFile; fileRef = EB934CA221AF23010009B85B /* TrackedObject.swift */; };
		EB95932D21AB23ED003C735D /* DuckTracker.swift in Sources */ = {isa = PBXBuildFile; fileRef = EB95932C21AB23ED003C735D /* DuckTracker.swift */; };
		EBB9632E21973538005381CF /* ObjectTracker.swift in Sources */ = {isa = PBXBuildFile; fileRef = EBB9632D21973538005381CF /* ObjectTracker.swift */; };
		EBB9633721974149005381CF /* QuackTests.swift in Sources */ = {isa = PBXBuildFile; fileRef = EBB9633621974149005381CF /* QuackTests.swift */; };
		EBB9633F2197419E005381CF /* UIImage+TestHelpers.swift in Sources */ = {isa = PBXBuildFile; fileRef = EBB9633E2197419E005381CF /* UIImage+TestHelpers.swift */; };
		EBB96341219760BA005381CF /* Duck.mlmodel in Sources */ = {isa = PBXBuildFile; fileRef = EB43B06D219647260022A8C9 /* Duck.mlmodel */; };
		EBB963492197647D005381CF /* duck.jpg in Resources */ = {isa = PBXBuildFile; fileRef = EBB963482197647D005381CF /* duck.jpg */; };
		EBD9F28621A63F2A005954CC /* VisionOutputConverter.swift in Sources */ = {isa = PBXBuildFile; fileRef = EBD9F28521A63F2A005954CC /* VisionOutputConverter.swift */; };
		EBF7051A21A083CE00EE909B /* VisionHelper.swift in Sources */ = {isa = PBXBuildFile; fileRef = EBF7051921A083CE00EE909B /* VisionHelper.swift */; };
		EBF7051C21A0CD1600EE909B /* BoundingBoxView.swift in Sources */ = {isa = PBXBuildFile; fileRef = EBF7051B21A0CD1600EE909B /* BoundingBoxView.swift */; };
/* End PBXBuildFile section */

/* Begin PBXContainerItemProxy section */
		EBB9633921974149005381CF /* PBXContainerItemProxy */ = {
			isa = PBXContainerItemProxy;
			containerPortal = EB8DB2A921925ACB004FF9C5 /* Project object */;
			proxyType = 1;
			remoteGlobalIDString = EB8DB2B021925ACB004FF9C5;
			remoteInfo = Quack;
		};
/* End PBXContainerItemProxy section */

/* Begin PBXFileReference section */
		EB125EBB21BD7F6B00CBBD48 /* VideoOutputView.swift */ = {isa = PBXFileReference; lastKnownFileType = sourcecode.swift; path = VideoOutputView.swift; sourceTree = "<group>"; };
		EB3AD460219DEE4000B55169 /* cat.mlmodel */ = {isa = PBXFileReference; lastKnownFileType = file.mlmodel; path = cat.mlmodel; sourceTree = "<group>"; };
		EB43B06A219645F00022A8C9 /* QuackARDelegate.swift */ = {isa = PBXFileReference; lastKnownFileType = sourcecode.swift; path = QuackARDelegate.swift; sourceTree = "<group>"; };
		EB43B06D219647260022A8C9 /* Duck.mlmodel */ = {isa = PBXFileReference; lastKnownFileType = file.mlmodel; path = Duck.mlmodel; sourceTree = "<group>"; };
		EB5F74DE21BC7B4C00E6F9C9 /* IMG_0299.mov */ = {isa = PBXFileReference; lastKnownFileType = video.quicktime; path = IMG_0299.mov; sourceTree = "<group>"; };
		EB5F74E721BC833600E6F9C9 /* VideoCapture.swift */ = {isa = PBXFileReference; lastKnownFileType = sourcecode.swift; path = VideoCapture.swift; sourceTree = "<group>"; };
		EB5F74E921BC834400E6F9C9 /* VideoReader.swift */ = {isa = PBXFileReference; lastKnownFileType = sourcecode.swift; path = VideoReader.swift; sourceTree = "<group>"; };
		EB5F74EB21BC8A5C00E6F9C9 /* VideoOutputProvider.swift */ = {isa = PBXFileReference; lastKnownFileType = sourcecode.swift; path = VideoOutputProvider.swift; sourceTree = "<group>"; };
		EB8DB2B121925ACB004FF9C5 /* Quack.app */ = {isa = PBXFileReference; explicitFileType = wrapper.application; includeInIndex = 0; path = Quack.app; sourceTree = BUILT_PRODUCTS_DIR; };
		EB8DB2B421925ACB004FF9C5 /* AppDelegate.swift */ = {isa = PBXFileReference; lastKnownFileType = sourcecode.swift; path = AppDelegate.swift; sourceTree = "<group>"; };
		EB8DB2BA21925ACB004FF9C5 /* QuackViewController.swift */ = {isa = PBXFileReference; lastKnownFileType = sourcecode.swift; path = QuackViewController.swift; sourceTree = "<group>"; };
		EB8DB2BD21925ACB004FF9C5 /* Base */ = {isa = PBXFileReference; lastKnownFileType = file.storyboard; name = Base; path = Base.lproj/Main.storyboard; sourceTree = "<group>"; };
		EB8DB2BF21925ACF004FF9C5 /* Assets.xcassets */ = {isa = PBXFileReference; lastKnownFileType = folder.assetcatalog; path = Assets.xcassets; sourceTree = "<group>"; };
		EB8DB2C221925ACF004FF9C5 /* Base */ = {isa = PBXFileReference; lastKnownFileType = file.storyboard; name = Base; path = Base.lproj/LaunchScreen.storyboard; sourceTree = "<group>"; };
		EB8DB2C421925ACF004FF9C5 /* Info.plist */ = {isa = PBXFileReference; lastKnownFileType = text.plist.xml; path = Info.plist; sourceTree = "<group>"; };
		EB934CA221AF23010009B85B /* TrackedObject.swift */ = {isa = PBXFileReference; lastKnownFileType = sourcecode.swift; path = TrackedObject.swift; sourceTree = "<group>"; };
		EB95932C21AB23ED003C735D /* DuckTracker.swift */ = {isa = PBXFileReference; lastKnownFileType = sourcecode.swift; path = DuckTracker.swift; sourceTree = "<group>"; };
		EBB9632D21973538005381CF /* ObjectTracker.swift */ = {isa = PBXFileReference; lastKnownFileType = sourcecode.swift; path = ObjectTracker.swift; sourceTree = "<group>"; };
		EBB9633421974149005381CF /* QuackTests.xctest */ = {isa = PBXFileReference; explicitFileType = wrapper.cfbundle; includeInIndex = 0; path = QuackTests.xctest; sourceTree = BUILT_PRODUCTS_DIR; };
		EBB9633621974149005381CF /* QuackTests.swift */ = {isa = PBXFileReference; lastKnownFileType = sourcecode.swift; path = QuackTests.swift; sourceTree = "<group>"; };
		EBB9633821974149005381CF /* Info.plist */ = {isa = PBXFileReference; lastKnownFileType = text.plist.xml; path = Info.plist; sourceTree = "<group>"; };
		EBB9633E2197419E005381CF /* UIImage+TestHelpers.swift */ = {isa = PBXFileReference; lastKnownFileType = sourcecode.swift; path = "UIImage+TestHelpers.swift"; sourceTree = "<group>"; };
		EBB96342219763F2005381CF /* duck.jpg */ = {isa = PBXFileReference; lastKnownFileType = image.jpeg; name = duck.jpg; path = QuackTests/Resources/duck.jpg; sourceTree = "<group>"; };
		EBB963482197647D005381CF /* duck.jpg */ = {isa = PBXFileReference; lastKnownFileType = image.jpeg; path = duck.jpg; sourceTree = "<group>"; };
		EBD9F28521A63F2A005954CC /* VisionOutputConverter.swift */ = {isa = PBXFileReference; lastKnownFileType = sourcecode.swift; path = VisionOutputConverter.swift; sourceTree = "<group>"; };
		EBF7051921A083CE00EE909B /* VisionHelper.swift */ = {isa = PBXFileReference; lastKnownFileType = sourcecode.swift; path = VisionHelper.swift; sourceTree = "<group>"; };
		EBF7051B21A0CD1600EE909B /* BoundingBoxView.swift */ = {isa = PBXFileReference; lastKnownFileType = sourcecode.swift; path = BoundingBoxView.swift; sourceTree = "<group>"; };
/* End PBXFileReference section */

/* Begin PBXFrameworksBuildPhase section */
		EB8DB2AE21925ACB004FF9C5 /* Frameworks */ = {
			isa = PBXFrameworksBuildPhase;
			buildActionMask = 2147483647;
			files = (
			);
			runOnlyForDeploymentPostprocessing = 0;
		};
		EBB9633121974149005381CF /* Frameworks */ = {
			isa = PBXFrameworksBuildPhase;
			buildActionMask = 2147483647;
			files = (
			);
			runOnlyForDeploymentPostprocessing = 0;
		};
/* End PBXFrameworksBuildPhase section */

/* Begin PBXGroup section */
		EB43B06C219646EB0022A8C9 /* Models */ = {
			isa = PBXGroup;
			children = (
				EB3AD460219DEE4000B55169 /* cat.mlmodel */,
				EB43B06D219647260022A8C9 /* Duck.mlmodel */,
			);
			path = Models;
			sourceTree = "<group>";
		};
		EB5F74E421BC80C200E6F9C9 /* Video */ = {
			isa = PBXGroup;
			children = (
				EB125EBB21BD7F6B00CBBD48 /* VideoOutputView.swift */,
				EB5F74E721BC833600E6F9C9 /* VideoCapture.swift */,
				EB5F74E921BC834400E6F9C9 /* VideoReader.swift */,
				EB5F74EB21BC8A5C00E6F9C9 /* VideoOutputProvider.swift */,
			);
			path = Video;
			sourceTree = "<group>";
		};
		EB8DB2A821925ACB004FF9C5 = {
			isa = PBXGroup;
			children = (
				EBB96342219763F2005381CF /* duck.jpg */,
				EB8DB2B321925ACB004FF9C5 /* Quack */,
				EBB9633521974149005381CF /* QuackTests */,
				EB8DB2B221925ACB004FF9C5 /* Products */,
			);
			sourceTree = "<group>";
		};
		EB8DB2B221925ACB004FF9C5 /* Products */ = {
			isa = PBXGroup;
			children = (
				EB8DB2B121925ACB004FF9C5 /* Quack.app */,
				EBB9633421974149005381CF /* QuackTests.xctest */,
			);
			name = Products;
			sourceTree = "<group>";
		};
		EB8DB2B321925ACB004FF9C5 /* Quack */ = {
			isa = PBXGroup;
			children = (
				EB5F74E421BC80C200E6F9C9 /* Video */,
				EBB9632F21973586005381CF /* Vision */,
				EB43B06C219646EB0022A8C9 /* Models */,
				EB8DB2B421925ACB004FF9C5 /* AppDelegate.swift */,
				EB43B06A219645F00022A8C9 /* QuackARDelegate.swift */,
				EBD9F28521A63F2A005954CC /* VisionOutputConverter.swift */,
				EBF7051B21A0CD1600EE909B /* BoundingBoxView.swift */,
				EB8DB2BA21925ACB004FF9C5 /* QuackViewController.swift */,
				EB8DB2BC21925ACB004FF9C5 /* Main.storyboard */,
				EB8DB2BF21925ACF004FF9C5 /* Assets.xcassets */,
				EB8DB2C121925ACF004FF9C5 /* LaunchScreen.storyboard */,
				EB8DB2C421925ACF004FF9C5 /* Info.plist */,
			);
			path = Quack;
			sourceTree = "<group>";
		};
		EBB9632F21973586005381CF /* Vision */ = {
			isa = PBXGroup;
			children = (
				EB934CA221AF23010009B85B /* TrackedObject.swift */,
				EBB9632D21973538005381CF /* ObjectTracker.swift */,
				EB95932C21AB23ED003C735D /* DuckTracker.swift */,
				EBF7051921A083CE00EE909B /* VisionHelper.swift */,
			);
			path = Vision;
			sourceTree = "<group>";
		};
		EBB9633521974149005381CF /* QuackTests */ = {
			isa = PBXGroup;
			children = (
				EBB963472197647D005381CF /* Resources */,
				EBB9633E2197419E005381CF /* UIImage+TestHelpers.swift */,
				EBB9633621974149005381CF /* QuackTests.swift */,
				EBB9633821974149005381CF /* Info.plist */,
			);
			path = QuackTests;
			sourceTree = "<group>";
		};
		EBB963472197647D005381CF /* Resources */ = {
			isa = PBXGroup;
			children = (
				EBB963482197647D005381CF /* duck.jpg */,
				EB5F74DE21BC7B4C00E6F9C9 /* IMG_0299.mov */,
			);
			path = Resources;
			sourceTree = "<group>";
		};
/* End PBXGroup section */

/* Begin PBXNativeTarget section */
		EB8DB2B021925ACB004FF9C5 /* Quack */ = {
			isa = PBXNativeTarget;
			buildConfigurationList = EB8DB2C721925ACF004FF9C5 /* Build configuration list for PBXNativeTarget "Quack" */;
			buildPhases = (
				EB8DB2AD21925ACB004FF9C5 /* Sources */,
				EB8DB2AE21925ACB004FF9C5 /* Frameworks */,
				EB8DB2AF21925ACB004FF9C5 /* Resources */,
			);
			buildRules = (
			);
			dependencies = (
			);
			name = Quack;
			productName = Quack;
			productReference = EB8DB2B121925ACB004FF9C5 /* Quack.app */;
			productType = "com.apple.product-type.application";
		};
		EBB9633321974149005381CF /* QuackTests */ = {
			isa = PBXNativeTarget;
			buildConfigurationList = EBB9633B21974149005381CF /* Build configuration list for PBXNativeTarget "QuackTests" */;
			buildPhases = (
				EBB9633021974149005381CF /* Sources */,
				EBB9633121974149005381CF /* Frameworks */,
				EBB9633221974149005381CF /* Resources */,
			);
			buildRules = (
			);
			dependencies = (
				EBB9633A21974149005381CF /* PBXTargetDependency */,
			);
			name = QuackTests;
			productName = QuackTests;
			productReference = EBB9633421974149005381CF /* QuackTests.xctest */;
			productType = "com.apple.product-type.bundle.unit-test";
		};
/* End PBXNativeTarget section */

/* Begin PBXProject section */
		EB8DB2A921925ACB004FF9C5 /* Project object */ = {
			isa = PBXProject;
			attributes = {
				LastSwiftUpdateCheck = 1010;
				LastUpgradeCheck = 1010;
				ORGANIZATIONNAME = "Pedro Fonseca";
				TargetAttributes = {
					EB8DB2B021925ACB004FF9C5 = {
						CreatedOnToolsVersion = 10.1;
					};
					EBB9633321974149005381CF = {
						CreatedOnToolsVersion = 10.1;
						TestTargetID = EB8DB2B021925ACB004FF9C5;
					};
				};
			};
			buildConfigurationList = EB8DB2AC21925ACB004FF9C5 /* Build configuration list for PBXProject "Quack" */;
			compatibilityVersion = "Xcode 9.3";
			developmentRegion = en;
			hasScannedForEncodings = 0;
			knownRegions = (
				en,
				Base,
			);
			mainGroup = EB8DB2A821925ACB004FF9C5;
			productRefGroup = EB8DB2B221925ACB004FF9C5 /* Products */;
			projectDirPath = "";
			projectRoot = "";
			targets = (
				EB8DB2B021925ACB004FF9C5 /* Quack */,
				EBB9633321974149005381CF /* QuackTests */,
			);
		};
/* End PBXProject section */

/* Begin PBXResourcesBuildPhase section */
		EB8DB2AF21925ACB004FF9C5 /* Resources */ = {
			isa = PBXResourcesBuildPhase;
			buildActionMask = 2147483647;
			files = (
				EB5F74DF21BC7B4C00E6F9C9 /* IMG_0299.mov in Resources */,
				EB8DB2C321925ACF004FF9C5 /* LaunchScreen.storyboard in Resources */,
				EB8DB2C021925ACF004FF9C5 /* Assets.xcassets in Resources */,
				EB8DB2BE21925ACB004FF9C5 /* Main.storyboard in Resources */,
			);
			runOnlyForDeploymentPostprocessing = 0;
		};
		EBB9633221974149005381CF /* Resources */ = {
			isa = PBXResourcesBuildPhase;
			buildActionMask = 2147483647;
			files = (
				EB5F74E021BC7B4C00E6F9C9 /* IMG_0299.mov in Resources */,
				EBB963492197647D005381CF /* duck.jpg in Resources */,
			);
			runOnlyForDeploymentPostprocessing = 0;
		};
/* End PBXResourcesBuildPhase section */

/* Begin PBXSourcesBuildPhase section */
		EB8DB2AD21925ACB004FF9C5 /* Sources */ = {
			isa = PBXSourcesBuildPhase;
			buildActionMask = 2147483647;
			files = (
				EB8DB2BB21925ACB004FF9C5 /* QuackViewController.swift in Sources */,
				EB125EBC21BD7F6B00CBBD48 /* VideoOutputView.swift in Sources */,
				EB5F74EA21BC834400E6F9C9 /* VideoReader.swift in Sources */,
				EBF7051C21A0CD1600EE909B /* BoundingBoxView.swift in Sources */,
				EB934CA321AF23010009B85B /* TrackedObject.swift in Sources */,
				EB5F74E821BC833600E6F9C9 /* VideoCapture.swift in Sources */,
				EBF7051A21A083CE00EE909B /* VisionHelper.swift in Sources */,
				EB43B06E219647260022A8C9 /* Duck.mlmodel in Sources */,
				EB5F74EC21BC8A5C00E6F9C9 /* VideoOutputProvider.swift in Sources */,
				EB43B06B219645F00022A8C9 /* QuackARDelegate.swift in Sources */,
				EB3AD461219DEE4000B55169 /* cat.mlmodel in Sources */,
				EBD9F28621A63F2A005954CC /* VisionOutputConverter.swift in Sources */,
				EBB9632E21973538005381CF /* ObjectTracker.swift in Sources */,
				EB8DB2B521925ACB004FF9C5 /* AppDelegate.swift in Sources */,
				EB95932D21AB23ED003C735D /* DuckTracker.swift in Sources */,
			);
			runOnlyForDeploymentPostprocessing = 0;
		};
		EBB9633021974149005381CF /* Sources */ = {
			isa = PBXSourcesBuildPhase;
			buildActionMask = 2147483647;
			files = (
				EBB9633721974149005381CF /* QuackTests.swift in Sources */,
				EBB96341219760BA005381CF /* Duck.mlmodel in Sources */,
				EBB9633F2197419E005381CF /* UIImage+TestHelpers.swift in Sources */,
			);
			runOnlyForDeploymentPostprocessing = 0;
		};
/* End PBXSourcesBuildPhase section */

/* Begin PBXTargetDependency section */
		EBB9633A21974149005381CF /* PBXTargetDependency */ = {
			isa = PBXTargetDependency;
			target = EB8DB2B021925ACB004FF9C5 /* Quack */;
			targetProxy = EBB9633921974149005381CF /* PBXContainerItemProxy */;
		};
/* End PBXTargetDependency section */

/* Begin PBXVariantGroup section */
		EB8DB2BC21925ACB004FF9C5 /* Main.storyboard */ = {
			isa = PBXVariantGroup;
			children = (
				EB8DB2BD21925ACB004FF9C5 /* Base */,
			);
			name = Main.storyboard;
			sourceTree = "<group>";
		};
		EB8DB2C121925ACF004FF9C5 /* LaunchScreen.storyboard */ = {
			isa = PBXVariantGroup;
			children = (
				EB8DB2C221925ACF004FF9C5 /* Base */,
			);
			name = LaunchScreen.storyboard;
			sourceTree = "<group>";
		};
/* End PBXVariantGroup section */

/* Begin XCBuildConfiguration section */
		EB8DB2C521925ACF004FF9C5 /* Debug */ = {
			isa = XCBuildConfiguration;
			buildSettings = {
				ALWAYS_SEARCH_USER_PATHS = NO;
				CLANG_ANALYZER_NONNULL = YES;
				CLANG_ANALYZER_NUMBER_OBJECT_CONVERSION = YES_AGGRESSIVE;
				CLANG_CXX_LANGUAGE_STANDARD = "gnu++14";
				CLANG_CXX_LIBRARY = "libc++";
				CLANG_ENABLE_MODULES = YES;
				CLANG_ENABLE_OBJC_ARC = YES;
				CLANG_ENABLE_OBJC_WEAK = YES;
				CLANG_WARN_BLOCK_CAPTURE_AUTORELEASING = YES;
				CLANG_WARN_BOOL_CONVERSION = YES;
				CLANG_WARN_COMMA = YES;
				CLANG_WARN_CONSTANT_CONVERSION = YES;
				CLANG_WARN_DEPRECATED_OBJC_IMPLEMENTATIONS = YES;
				CLANG_WARN_DIRECT_OBJC_ISA_USAGE = YES_ERROR;
				CLANG_WARN_DOCUMENTATION_COMMENTS = YES;
				CLANG_WARN_EMPTY_BODY = YES;
				CLANG_WARN_ENUM_CONVERSION = YES;
				CLANG_WARN_INFINITE_RECURSION = YES;
				CLANG_WARN_INT_CONVERSION = YES;
				CLANG_WARN_NON_LITERAL_NULL_CONVERSION = YES;
				CLANG_WARN_OBJC_IMPLICIT_RETAIN_SELF = YES;
				CLANG_WARN_OBJC_LITERAL_CONVERSION = YES;
				CLANG_WARN_OBJC_ROOT_CLASS = YES_ERROR;
				CLANG_WARN_RANGE_LOOP_ANALYSIS = YES;
				CLANG_WARN_STRICT_PROTOTYPES = YES;
				CLANG_WARN_SUSPICIOUS_MOVE = YES;
				CLANG_WARN_UNGUARDED_AVAILABILITY = YES_AGGRESSIVE;
				CLANG_WARN_UNREACHABLE_CODE = YES;
				CLANG_WARN__DUPLICATE_METHOD_MATCH = YES;
				CODE_SIGN_IDENTITY = "iPhone Developer";
				COPY_PHASE_STRIP = NO;
				DEBUG_INFORMATION_FORMAT = dwarf;
				ENABLE_STRICT_OBJC_MSGSEND = YES;
				ENABLE_TESTABILITY = YES;
				GCC_C_LANGUAGE_STANDARD = gnu11;
				GCC_DYNAMIC_NO_PIC = NO;
				GCC_NO_COMMON_BLOCKS = YES;
				GCC_OPTIMIZATION_LEVEL = 0;
				GCC_PREPROCESSOR_DEFINITIONS = (
					"DEBUG=1",
					"$(inherited)",
				);
				GCC_WARN_64_TO_32_BIT_CONVERSION = YES;
				GCC_WARN_ABOUT_RETURN_TYPE = YES_ERROR;
				GCC_WARN_UNDECLARED_SELECTOR = YES;
				GCC_WARN_UNINITIALIZED_AUTOS = YES_AGGRESSIVE;
				GCC_WARN_UNUSED_FUNCTION = YES;
				GCC_WARN_UNUSED_VARIABLE = YES;
				IPHONEOS_DEPLOYMENT_TARGET = 12.1;
				MTL_ENABLE_DEBUG_INFO = INCLUDE_SOURCE;
				MTL_FAST_MATH = YES;
				ONLY_ACTIVE_ARCH = YES;
				SDKROOT = iphoneos;
				SWIFT_ACTIVE_COMPILATION_CONDITIONS = DEBUG;
				SWIFT_OPTIMIZATION_LEVEL = "-Onone";
			};
			name = Debug;
		};
		EB8DB2C621925ACF004FF9C5 /* Release */ = {
			isa = XCBuildConfiguration;
			buildSettings = {
				ALWAYS_SEARCH_USER_PATHS = NO;
				CLANG_ANALYZER_NONNULL = YES;
				CLANG_ANALYZER_NUMBER_OBJECT_CONVERSION = YES_AGGRESSIVE;
				CLANG_CXX_LANGUAGE_STANDARD = "gnu++14";
				CLANG_CXX_LIBRARY = "libc++";
				CLANG_ENABLE_MODULES = YES;
				CLANG_ENABLE_OBJC_ARC = YES;
				CLANG_ENABLE_OBJC_WEAK = YES;
				CLANG_WARN_BLOCK_CAPTURE_AUTORELEASING = YES;
				CLANG_WARN_BOOL_CONVERSION = YES;
				CLANG_WARN_COMMA = YES;
				CLANG_WARN_CONSTANT_CONVERSION = YES;
				CLANG_WARN_DEPRECATED_OBJC_IMPLEMENTATIONS = YES;
				CLANG_WARN_DIRECT_OBJC_ISA_USAGE = YES_ERROR;
				CLANG_WARN_DOCUMENTATION_COMMENTS = YES;
				CLANG_WARN_EMPTY_BODY = YES;
				CLANG_WARN_ENUM_CONVERSION = YES;
				CLANG_WARN_INFINITE_RECURSION = YES;
				CLANG_WARN_INT_CONVERSION = YES;
				CLANG_WARN_NON_LITERAL_NULL_CONVERSION = YES;
				CLANG_WARN_OBJC_IMPLICIT_RETAIN_SELF = YES;
				CLANG_WARN_OBJC_LITERAL_CONVERSION = YES;
				CLANG_WARN_OBJC_ROOT_CLASS = YES_ERROR;
				CLANG_WARN_RANGE_LOOP_ANALYSIS = YES;
				CLANG_WARN_STRICT_PROTOTYPES = YES;
				CLANG_WARN_SUSPICIOUS_MOVE = YES;
				CLANG_WARN_UNGUARDED_AVAILABILITY = YES_AGGRESSIVE;
				CLANG_WARN_UNREACHABLE_CODE = YES;
				CLANG_WARN__DUPLICATE_METHOD_MATCH = YES;
				CODE_SIGN_IDENTITY = "iPhone Developer";
				COPY_PHASE_STRIP = NO;
				DEBUG_INFORMATION_FORMAT = "dwarf-with-dsym";
				ENABLE_NS_ASSERTIONS = NO;
				ENABLE_STRICT_OBJC_MSGSEND = YES;
				GCC_C_LANGUAGE_STANDARD = gnu11;
				GCC_NO_COMMON_BLOCKS = YES;
				GCC_WARN_64_TO_32_BIT_CONVERSION = YES;
				GCC_WARN_ABOUT_RETURN_TYPE = YES_ERROR;
				GCC_WARN_UNDECLARED_SELECTOR = YES;
				GCC_WARN_UNINITIALIZED_AUTOS = YES_AGGRESSIVE;
				GCC_WARN_UNUSED_FUNCTION = YES;
				GCC_WARN_UNUSED_VARIABLE = YES;
				IPHONEOS_DEPLOYMENT_TARGET = 12.1;
				MTL_ENABLE_DEBUG_INFO = NO;
				MTL_FAST_MATH = YES;
				SDKROOT = iphoneos;
				SWIFT_COMPILATION_MODE = wholemodule;
				SWIFT_OPTIMIZATION_LEVEL = "-O";
				VALIDATE_PRODUCT = YES;
			};
			name = Release;
		};
		EB8DB2C821925ACF004FF9C5 /* Debug */ = {
			isa = XCBuildConfiguration;
			buildSettings = {
				ASSETCATALOG_COMPILER_APPICON_NAME = AppIcon;
				CODE_SIGN_STYLE = Automatic;
				DEVELOPMENT_TEAM = 93MK78K358;
				INFOPLIST_FILE = Quack/Info.plist;
				LD_RUNPATH_SEARCH_PATHS = (
					"$(inherited)",
					"@executable_path/Frameworks",
				);
				PRODUCT_BUNDLE_IDENTIFIER = com.hecticant.Quack;
				PRODUCT_NAME = "$(TARGET_NAME)";
				SWIFT_VERSION = 4.2;
				TARGETED_DEVICE_FAMILY = 1;
			};
			name = Debug;
		};
		EB8DB2C921925ACF004FF9C5 /* Release */ = {
			isa = XCBuildConfiguration;
			buildSettings = {
				ASSETCATALOG_COMPILER_APPICON_NAME = AppIcon;
				CODE_SIGN_STYLE = Automatic;
				DEVELOPMENT_TEAM = 93MK78K358;
				INFOPLIST_FILE = Quack/Info.plist;
				LD_RUNPATH_SEARCH_PATHS = (
					"$(inherited)",
					"@executable_path/Frameworks",
				);
				PRODUCT_BUNDLE_IDENTIFIER = com.hecticant.Quack;
				PRODUCT_NAME = "$(TARGET_NAME)";
				SWIFT_VERSION = 4.2;
				TARGETED_DEVICE_FAMILY = 1;
			};
			name = Release;
		};
		EBB9633C21974149005381CF /* Debug */ = {
			isa = XCBuildConfiguration;
			buildSettings = {
				BUNDLE_LOADER = "$(TEST_HOST)";
				CODE_SIGN_STYLE = Automatic;
				DEVELOPMENT_TEAM = 93MK78K358;
				INFOPLIST_FILE = QuackTests/Info.plist;
				LD_RUNPATH_SEARCH_PATHS = (
					"$(inherited)",
					"@executable_path/Frameworks",
					"@loader_path/Frameworks",
				);
				PRODUCT_BUNDLE_IDENTIFIER = com.hecticant.QuackTests;
				PRODUCT_NAME = "$(TARGET_NAME)";
				SWIFT_VERSION = 4.2;
				TARGETED_DEVICE_FAMILY = "1,2";
				TEST_HOST = "$(BUILT_PRODUCTS_DIR)/Quack.app/Quack";
			};
			name = Debug;
		};
		EBB9633D21974149005381CF /* Release */ = {
			isa = XCBuildConfiguration;
			buildSettings = {
				BUNDLE_LOADER = "$(TEST_HOST)";
				CODE_SIGN_STYLE = Automatic;
				DEVELOPMENT_TEAM = 93MK78K358;
				INFOPLIST_FILE = QuackTests/Info.plist;
				LD_RUNPATH_SEARCH_PATHS = (
					"$(inherited)",
					"@executable_path/Frameworks",
					"@loader_path/Frameworks",
				);
				PRODUCT_BUNDLE_IDENTIFIER = com.hecticant.QuackTests;
				PRODUCT_NAME = "$(TARGET_NAME)";
				SWIFT_VERSION = 4.2;
				TARGETED_DEVICE_FAMILY = "1,2";
				TEST_HOST = "$(BUILT_PRODUCTS_DIR)/Quack.app/Quack";
			};
			name = Release;
		};
/* End XCBuildConfiguration section */

/* Begin XCConfigurationList section */
		EB8DB2AC21925ACB004FF9C5 /* Build configuration list for PBXProject "Quack" */ = {
			isa = XCConfigurationList;
			buildConfigurations = (
				EB8DB2C521925ACF004FF9C5 /* Debug */,
				EB8DB2C621925ACF004FF9C5 /* Release */,
			);
			defaultConfigurationIsVisible = 0;
			defaultConfigurationName = Release;
		};
		EB8DB2C721925ACF004FF9C5 /* Build configuration list for PBXNativeTarget "Quack" */ = {
			isa = XCConfigurationList;
			buildConfigurations = (
				EB8DB2C821925ACF004FF9C5 /* Debug */,
				EB8DB2C921925ACF004FF9C5 /* Release */,
			);
			defaultConfigurationIsVisible = 0;
			defaultConfigurationName = Release;
		};
		EBB9633B21974149005381CF /* Build configuration list for PBXNativeTarget "QuackTests" */ = {
			isa = XCConfigurationList;
			buildConfigurations = (
				EBB9633C21974149005381CF /* Debug */,
				EBB9633D21974149005381CF /* Release */,
			);
			defaultConfigurationIsVisible = 0;
			defaultConfigurationName = Release;
		};
/* End XCConfigurationList section */
	};
	rootObject = EB8DB2A921925ACB004FF9C5 /* Project object */;
}
